version = 1
requires-python = ">=3.10, <3.12"

[[package]]
name = "grpcio"
version = "1.71.0"
source = { registry = "https://pypi.org/simple" }
sdist = { url = "https://files.pythonhosted.org/packages/1c/95/aa11fc09a85d91fbc7dd405dcb2a1e0256989d67bf89fa65ae24b3ba105a/grpcio-1.71.0.tar.gz", hash = "sha256:2b85f7820475ad3edec209d3d89a7909ada16caab05d3f2e08a7e8ae3200a55c", size = 12549828 }
wheels = [
    { url = "https://files.pythonhosted.org/packages/7c/c5/ef610b3f988cc0cc67b765f72b8e2db06a1db14e65acb5ae7810a6b7042e/grpcio-1.71.0-cp310-cp310-linux_armv7l.whl", hash = "sha256:c200cb6f2393468142eb50ab19613229dcc7829b5ccee8b658a36005f6669fdd", size = 5210643 },
    { url = "https://files.pythonhosted.org/packages/bf/de/c84293c961622df302c0d5d07ec6e2d4cd3874ea42f602be2df09c4ad44f/grpcio-1.71.0-cp310-cp310-macosx_12_0_universal2.whl", hash = "sha256:b2266862c5ad664a380fbbcdbdb8289d71464c42a8c29053820ee78ba0119e5d", size = 11308962 },
    { url = "https://files.pythonhosted.org/packages/7c/38/04c9e0dc8c904570c80faa1f1349b190b63e45d6b2782ec8567b050efa9d/grpcio-1.71.0-cp310-cp310-manylinux_2_17_aarch64.whl", hash = "sha256:0ab8b2864396663a5b0b0d6d79495657ae85fa37dcb6498a2669d067c65c11ea", size = 5699236 },
    { url = "https://files.pythonhosted.org/packages/95/96/e7be331d1298fa605ea7c9ceafc931490edd3d5b33c4f695f1a0667f3491/grpcio-1.71.0-cp310-cp310-manylinux_2_17_i686.manylinux2014_i686.whl", hash = "sha256:c30f393f9d5ff00a71bb56de4aa75b8fe91b161aeb61d39528db6b768d7eac69", size = 6339767 },
    { url = "https://files.pythonhosted.org/packages/5d/b7/7e7b7bb6bb18baf156fd4f2f5b254150dcdd6cbf0def1ee427a2fb2bfc4d/grpcio-1.71.0-cp310-cp310-manylinux_2_17_x86_64.manylinux2014_x86_64.whl", hash = "sha256:f250ff44843d9a0615e350c77f890082102a0318d66a99540f54769c8766ab73", size = 5943028 },
    { url = "https://files.pythonhosted.org/packages/13/aa/5fb756175995aeb47238d706530772d9a7ac8e73bcca1b47dc145d02c95f/grpcio-1.71.0-cp310-cp310-musllinux_1_1_aarch64.whl", hash = "sha256:e6d8de076528f7c43a2f576bc311799f89d795aa6c9b637377cc2b1616473804", size = 6031841 },
    { url = "https://files.pythonhosted.org/packages/54/93/172783e01eed61f7f180617b7fa4470f504e383e32af2587f664576a7101/grpcio-1.71.0-cp310-cp310-musllinux_1_1_i686.whl", hash = "sha256:9b91879d6da1605811ebc60d21ab6a7e4bae6c35f6b63a061d61eb818c8168f6", size = 6651039 },
    { url = "https://files.pythonhosted.org/packages/6f/99/62654b220a27ed46d3313252214f4bc66261143dc9b58004085cd0646753/grpcio-1.71.0-cp310-cp310-musllinux_1_1_x86_64.whl", hash = "sha256:f71574afdf944e6652203cd1badcda195b2a27d9c83e6d88dc1ce3cfb73b31a5", size = 6198465 },
    { url = "https://files.pythonhosted.org/packages/68/35/96116de833b330abe4412cc94edc68f99ed2fa3e39d8713ff307b3799e81/grpcio-1.71.0-cp310-cp310-win32.whl", hash = "sha256:8997d6785e93308f277884ee6899ba63baafa0dfb4729748200fcc537858a509", size = 3620382 },
    { url = "https://files.pythonhosted.org/packages/b7/09/f32ef637e386f3f2c02effac49699229fa560ce9007682d24e9e212d2eb4/grpcio-1.71.0-cp310-cp310-win_amd64.whl", hash = "sha256:7d6ac9481d9d0d129224f6d5934d5832c4b1cddb96b59e7eba8416868909786a", size = 4280302 },
    { url = "https://files.pythonhosted.org/packages/63/04/a085f3ad4133426f6da8c1becf0749872a49feb625a407a2e864ded3fb12/grpcio-1.71.0-cp311-cp311-linux_armv7l.whl", hash = "sha256:d6aa986318c36508dc1d5001a3ff169a15b99b9f96ef5e98e13522c506b37eef", size = 5210453 },
    { url = "https://files.pythonhosted.org/packages/b4/d5/0bc53ed33ba458de95020970e2c22aa8027b26cc84f98bea7fcad5d695d1/grpcio-1.71.0-cp311-cp311-macosx_10_14_universal2.whl", hash = "sha256:d2c170247315f2d7e5798a22358e982ad6eeb68fa20cf7a820bb74c11f0736e7", size = 11347567 },
    { url = "https://files.pythonhosted.org/packages/e3/6d/ce334f7e7a58572335ccd61154d808fe681a4c5e951f8a1ff68f5a6e47ce/grpcio-1.71.0-cp311-cp311-manylinux_2_17_aarch64.whl", hash = "sha256:e6f83a583ed0a5b08c5bc7a3fe860bb3c2eac1f03f1f63e0bc2091325605d2b7", size = 5696067 },
    { url = "https://files.pythonhosted.org/packages/05/4a/80befd0b8b1dc2b9ac5337e57473354d81be938f87132e147c4a24a581bd/grpcio-1.71.0-cp311-cp311-manylinux_2_17_i686.manylinux2014_i686.whl", hash = "sha256:4be74ddeeb92cc87190e0e376dbc8fc7736dbb6d3d454f2fa1f5be1dee26b9d7", size = 6348377 },
    { url = "https://files.pythonhosted.org/packages/c7/67/cbd63c485051eb78663355d9efd1b896cfb50d4a220581ec2cb9a15cd750/grpcio-1.71.0-cp311-cp311-manylinux_2_17_x86_64.manylinux2014_x86_64.whl", hash = "sha256:4dd0dfbe4d5eb1fcfec9490ca13f82b089a309dc3678e2edabc144051270a66e", size = 5940407 },
    { url = "https://files.pythonhosted.org/packages/98/4b/7a11aa4326d7faa499f764eaf8a9b5a0eb054ce0988ee7ca34897c2b02ae/grpcio-1.71.0-cp311-cp311-musllinux_1_1_aarch64.whl", hash = "sha256:a2242d6950dc892afdf9e951ed7ff89473aaf744b7d5727ad56bdaace363722b", size = 6030915 },
    { url = "https://files.pythonhosted.org/packages/eb/a2/cdae2d0e458b475213a011078b0090f7a1d87f9a68c678b76f6af7c6ac8c/grpcio-1.71.0-cp311-cp311-musllinux_1_1_i686.whl", hash = "sha256:0fa05ee31a20456b13ae49ad2e5d585265f71dd19fbd9ef983c28f926d45d0a7", size = 6648324 },
    { url = "https://files.pythonhosted.org/packages/27/df/f345c8daaa8d8574ce9869f9b36ca220c8845923eb3087e8f317eabfc2a8/grpcio-1.71.0-cp311-cp311-musllinux_1_1_x86_64.whl", hash = "sha256:3d081e859fb1ebe176de33fc3adb26c7d46b8812f906042705346b314bde32c3", size = 6197839 },
    { url = "https://files.pythonhosted.org/packages/f2/2c/cd488dc52a1d0ae1bad88b0d203bc302efbb88b82691039a6d85241c5781/grpcio-1.71.0-cp311-cp311-win32.whl", hash = "sha256:d6de81c9c00c8a23047136b11794b3584cdc1460ed7cbc10eada50614baa1444", size = 3619978 },
    { url = "https://files.pythonhosted.org/packages/ee/3f/cf92e7e62ccb8dbdf977499547dfc27133124d6467d3a7d23775bcecb0f9/grpcio-1.71.0-cp311-cp311-win_amd64.whl", hash = "sha256:24e867651fc67717b6f896d5f0cac0ec863a8b5fb7d6441c2ab428f52c651c6b", size = 4282279 },
]

[[package]]
name = "grpcio-tools"
version = "1.71.0"
source = { registry = "https://pypi.org/simple" }
dependencies = [
    { name = "grpcio" },
    { name = "protobuf" },
    { name = "setuptools" },
]
sdist = { url = "https://files.pythonhosted.org/packages/05/d2/c0866a48c355a6a4daa1f7e27e210c7fa561b1f3b7c0bce2671e89cfa31e/grpcio_tools-1.71.0.tar.gz", hash = "sha256:38dba8e0d5e0fb23a034e09644fdc6ed862be2371887eee54901999e8f6792a8", size = 5326008 }
wheels = [
    { url = "https://files.pythonhosted.org/packages/f9/60/aa7f261eda558d018457e5c8bd8a8079136e5107a0942fd3167477ab50e2/grpcio_tools-1.71.0-cp310-cp310-linux_armv7l.whl", hash = "sha256:f4ad7f0d756546902597053d70b3af2606fbd70d7972876cd75c1e241d22ae00", size = 2385558 },
    { url = "https://files.pythonhosted.org/packages/0d/e3/e47b96e93e51398ba3462e027d93a10c0c23fffc31733de9bd4f44a2b867/grpcio_tools-1.71.0-cp310-cp310-macosx_12_0_universal2.whl", hash = "sha256:64bdb291df61cf570b5256777ad5fe2b1db6d67bc46e55dc56a0a862722ae329", size = 5930039 },
    { url = "https://files.pythonhosted.org/packages/a6/69/5d8920002483b2a65ae3b03329dfe3b668c3592f001d5358e1538f540012/grpcio_tools-1.71.0-cp310-cp310-manylinux_2_17_aarch64.whl", hash = "sha256:8dd9795e982d77a4b496f7278b943c2563d9afde2069cdee78c111a40cc4d675", size = 2351932 },
    { url = "https://files.pythonhosted.org/packages/c4/50/8116e307662a2337cdc3f0e1a8b23af197129448b7ff7e0cf1a76c9b0178/grpcio_tools-1.71.0-cp310-cp310-manylinux_2_17_i686.manylinux2014_i686.whl", hash = "sha256:c1b5860c41a36b26fec4f52998f1a451d0525a5c9a4fb06b6ea3e9211abdb925", size = 2744962 },
    { url = "https://files.pythonhosted.org/packages/e3/4b/d95be4aaf78d7b02dff3bd332c75c228288178e92af0e5228759ac5002a0/grpcio_tools-1.71.0-cp310-cp310-manylinux_2_17_x86_64.manylinux2014_x86_64.whl", hash = "sha256:3059c14035e5dc03d462f261e5900b9a077fd1a36976c3865b8507474520bad4", size = 2476716 },
    { url = "https://files.pythonhosted.org/packages/37/c2/c784a3705b1a1fd277751a8fc881d5a29325a460b9211e3c6164f594b178/grpcio_tools-1.71.0-cp310-cp310-musllinux_1_1_aarch64.whl", hash = "sha256:f360981b215b1d5aff9235b37e7e1826246e35bbac32a53e41d4e990a37b8f4c", size = 2854132 },
    { url = "https://files.pythonhosted.org/packages/93/8f/173adbf72ed3996e1962182b55abf30151edc8b53daac0bf15cc3dc4b09e/grpcio_tools-1.71.0-cp310-cp310-musllinux_1_1_i686.whl", hash = "sha256:bfe3888c3bbe16a5aa39409bc38744a31c0c3d2daa2b0095978c56e106c85b42", size = 3305069 },
    { url = "https://files.pythonhosted.org/packages/e4/a8/b1e7df63e7f83336275922f92ded1cd6918964c511280b31c872c54538f4/grpcio_tools-1.71.0-cp310-cp310-musllinux_1_1_x86_64.whl", hash = "sha256:145985c0bf12131f0a1503e65763e0f060473f7f3928ed1ff3fb0e8aad5bc8ac", size = 2916636 },
    { url = "https://files.pythonhosted.org/packages/be/a3/53f1e74c6e1c92ad94d7a0127a60fe913276a3e8c864737a053a1574b05c/grpcio_tools-1.71.0-cp310-cp310-win32.whl", hash = "sha256:82c430edd939bb863550ee0fecf067d78feff828908a1b529bbe33cc57f2419c", size = 949576 },
    { url = "https://files.pythonhosted.org/packages/97/43/4a3ae830c1405bcb1ba47f2225779dbe9fc009ba341d4a90012919304855/grpcio_tools-1.71.0-cp310-cp310-win_amd64.whl", hash = "sha256:83e90724e3f02415c628e4ead1d6ffe063820aaaa078d9a39176793df958cd5a", size = 1121087 },
    { url = "https://files.pythonhosted.org/packages/5d/ec/73b9797ffec80e1faf039ce3e2f0513e26e1a68eedc525ed294ae2a44d03/grpcio_tools-1.71.0-cp311-cp311-linux_armv7l.whl", hash = "sha256:1f19b16b49afa5d21473f49c0966dd430c88d089cd52ac02404d8cef67134efb", size = 2385557 },
    { url = "https://files.pythonhosted.org/packages/bf/87/42c6e192b7b09c9610a53e771797f7826aee4f6e769683985ae406a2d862/grpcio_tools-1.71.0-cp311-cp311-macosx_10_14_universal2.whl", hash = "sha256:459c8f5e00e390aecd5b89de67deb3ec7188a274bc6cb50e43cef35ab3a3f45d", size = 5954404 },
    { url = "https://files.pythonhosted.org/packages/25/30/3fd385a56d32dce34cde09a64dbaf7cf85d395f2bcd86dd41e4b4ee5938f/grpcio_tools-1.71.0-cp311-cp311-manylinux_2_17_aarch64.whl", hash = "sha256:edab7e6518de01196be37f96cb1e138c3819986bf5e2a6c9e1519b4d716b2f5a", size = 2352061 },
    { url = "https://files.pythonhosted.org/packages/87/eb/e9971c7693a2d85e7f55760f7906211a95ff74af4d41b05d187849d7fb58/grpcio_tools-1.71.0-cp311-cp311-manylinux_2_17_i686.manylinux2014_i686.whl", hash = "sha256:8b93b9f6adc7491d4c10144c0643409db298e5e63c997106a804f6f0248dbaf4", size = 2745033 },
    { url = "https://files.pythonhosted.org/packages/15/72/4e69beae87a1b334f80da9e93c8e2f5c8fe4860c956a781246a092dc4c97/grpcio_tools-1.71.0-cp311-cp311-manylinux_2_17_x86_64.manylinux2014_x86_64.whl", hash = "sha256:6ae5f2efa9e644c10bf1021600bfc099dfbd8e02b184d2d25dc31fcd6c2bc59e", size = 2476743 },
    { url = "https://files.pythonhosted.org/packages/b5/f3/336d2c83f1bfc00a5376bf20dd2273d7aa891b03dd91b11c71ca47392351/grpcio_tools-1.71.0-cp311-cp311-musllinux_1_1_aarch64.whl", hash = "sha256:65aa082f4435571d65d5ce07fc444f23c3eff4f3e34abef599ef8c9e1f6f360f", size = 2853693 },
    { url = "https://files.pythonhosted.org/packages/62/ba/cc7ace518c11501a4b8620df5edb8188e81470e5b82dc6829212f3e9b2ff/grpcio_tools-1.71.0-cp311-cp311-musllinux_1_1_i686.whl", hash = "sha256:1331e726e08b7bdcbf2075fcf4b47dff07842b04845e6e220a08a4663e232d7f", size = 3304474 },
    { url = "https://files.pythonhosted.org/packages/00/0d/4b843654af3d5aa2f1a5775df1d583e6e3471e6d569106fd3213ad185a98/grpcio_tools-1.71.0-cp311-cp311-musllinux_1_1_x86_64.whl", hash = "sha256:6693a7d3ba138b0e693b3d1f687cdd9db9e68976c3fa2b951c17a072fea8b583", size = 2916147 },
    { url = "https://files.pythonhosted.org/packages/e4/14/047e1c817422bc3d434247b9c640c51fd51ca4e047583ff31d927c3dea73/grpcio_tools-1.71.0-cp311-cp311-win32.whl", hash = "sha256:6d11ed3ff7b6023b5c72a8654975324bb98c1092426ba5b481af406ff559df00", size = 949374 },
    { url = "https://files.pythonhosted.org/packages/86/cb/739a1b6d517672693796022c0f9061f63eaa243ec70cbbfa59bf881ed9fb/grpcio_tools-1.71.0-cp311-cp311-win_amd64.whl", hash = "sha256:072b2a5805ac97e4623b3aa8f7818275f3fb087f4aa131b0fce00471065f6eaa", size = 1120786 },
]

[[package]]
name = "ldth-drone"
version = "0.0.0"
source = { editable = "." }
dependencies = [
    { name = "grpcio" },
    { name = "grpcio-tools" },
    { name = "protobuf" },
    { name = "python-dotenv" },
]

[package.metadata]
requires-dist = [
    { name = "grpcio", specifier = ">=1.59.2" },
    { name = "grpcio-tools", specifier = ">=1.59.2" },
    { name = "protobuf", specifier = ">=4.25.0" },
    { name = "python-dotenv", specifier = ">=1.0.0" },
]

[[package]]
name = "protobuf"
version = "5.29.4"
source = { registry = "https://pypi.org/simple" }
sdist = { url = "https://files.pythonhosted.org/packages/17/7d/b9dca7365f0e2c4fa7c193ff795427cfa6290147e5185ab11ece280a18e7/protobuf-5.29.4.tar.gz", hash = "sha256:4f1dfcd7997b31ef8f53ec82781ff434a28bf71d9102ddde14d076adcfc78c99", size = 424902 }
wheels = [
    { url = "https://files.pythonhosted.org/packages/9a/b2/043a1a1a20edd134563699b0e91862726a0dc9146c090743b6c44d798e75/protobuf-5.29.4-cp310-abi3-win32.whl", hash = "sha256:13eb236f8eb9ec34e63fc8b1d6efd2777d062fa6aaa68268fb67cf77f6839ad7", size = 422709 },
    { url = "https://files.pythonhosted.org/packages/79/fc/2474b59570daa818de6124c0a15741ee3e5d6302e9d6ce0bdfd12e98119f/protobuf-5.29.4-cp310-abi3-win_amd64.whl", hash = "sha256:bcefcdf3976233f8a502d265eb65ea740c989bacc6c30a58290ed0e519eb4b8d", size = 434506 },
    { url = "https://files.pythonhosted.org/packages/46/de/7c126bbb06aa0f8a7b38aaf8bd746c514d70e6a2a3f6dd460b3b7aad7aae/protobuf-5.29.4-cp38-abi3-macosx_10_9_universal2.whl", hash = "sha256:307ecba1d852ec237e9ba668e087326a67564ef83e45a0189a772ede9e854dd0", size = 417826 },
    { url = "https://files.pythonhosted.org/packages/a2/b5/bade14ae31ba871a139aa45e7a8183d869efe87c34a4850c87b936963261/protobuf-5.29.4-cp38-abi3-manylinux2014_aarch64.whl", hash = "sha256:aec4962f9ea93c431d5714ed1be1c93f13e1a8618e70035ba2b0564d9e633f2e", size = 319574 },
    { url = "https://files.pythonhosted.org/packages/46/88/b01ed2291aae68b708f7d334288ad5fb3e7aa769a9c309c91a0d55cb91b0/protobuf-5.29.4-cp38-abi3-manylinux2014_x86_64.whl", hash = "sha256:d7d3f7d1d5a66ed4942d4fefb12ac4b14a29028b209d4bfb25c68ae172059922", size = 319672 },
    { url = "https://files.pythonhosted.org/packages/12/fb/a586e0c973c95502e054ac5f81f88394f24ccc7982dac19c515acd9e2c93/protobuf-5.29.4-py3-none-any.whl", hash = "sha256:3fde11b505e1597f71b875ef2fc52062b6a9740e5f7c8997ce878b6009145862", size = 172551 },
]

[[package]]
name = "python-dotenv"
version = "1.1.0"
source = { registry = "https://pypi.org/simple" }
sdist = { url = "https://files.pythonhosted.org/packages/88/2c/7bb1416c5620485aa793f2de31d3df393d3686aa8a8506d11e10e13c5baf/python_dotenv-1.1.0.tar.gz", hash = "sha256:41f90bc6f5f177fb41f53e87666db362025010eb28f60a01c9143bfa33a2b2d5", size = 39920 }
wheels = [
    { url = "https://files.pythonhosted.org/packages/1e/18/98a99ad95133c6a6e2005fe89faedf294a748bd5dc803008059409ac9b1e/python_dotenv-1.1.0-py3-none-any.whl", hash = "sha256:d7c01d9e2293916c18baf562d95698754b0dbbb5e74d457c45d4f6561fb9d55d", size = 20256 },
]

[[package]]
name = "setuptools"
version = "80.4.0"
source = { registry = "https://pypi.org/simple" }
sdist = { url = "https://files.pythonhosted.org/packages/95/32/0cc40fe41fd2adb80a2f388987f4f8db3c866c69e33e0b4c8b093fdf700e/setuptools-80.4.0.tar.gz", hash = "sha256:5a78f61820bc088c8e4add52932ae6b8cf423da2aff268c23f813cfbb13b4006", size = 1315008 }
wheels = [
    { url = "https://files.pythonhosted.org/packages/b1/93/dba5ed08c2e31ec7cdc2ce75705a484ef0be1a2fecac8a58272489349de8/setuptools-80.4.0-py3-none-any.whl", hash = "sha256:6cdc8cb9a7d590b237dbe4493614a9b75d0559b888047c1f67d49ba50fc3edb2", size = 1200812 },
]
